
Microsoft Visual Studio Solution File, Format Version 12.00
# Visual Studio 15
VisualStudioVersion = 15.0.27703.2042
MinimumVisualStudioVersion = 10.0.40219.1
Project("{FAE04EC0-301F-11D3-BF4B-00C04F79EFBC}") = "Sso.MyAppOne", "Sso.MyAppOne\Sso.MyAppOne.csproj", "{A76869B7-D640-4F00-BE1B-F3626379E869}"
EndProject
Project("{FAE04EC0-301F-11D3-BF4B-00C04F79EFBC}") = "Sso.MySsoApp", "Sso.MySsoApp\Sso.MySsoApp.csproj", "{33EDC80B-2A9E-4EB7-82FD-932FD47ACBC2}"
EndProject
Project("{FAE04EC0-301F-11D3-BF4B-00C04F79EFBC}") = "Sso.MyAppTwo", "Sso.MyAppTwo\Sso.MyAppTwo.csproj", "{C01B1824-96B1-4CE6-B71B-DAAD9680175A}"
EndProject
Global
	GlobalSection(SolutionConfigurationPlatforms) = preSolution
		Debug|Any CPU = Debug|Any CPU
		Release|Any CPU = Release|Any CPU
	EndGlobalSection
	GlobalSection(ProjectConfigurationPlatforms) = postSolution
		{A76869B7-D640-4F00-BE1B-F3626379E869}.Debug|Any CPU.ActiveCfg = Debug|Any CPU
		{A76869B7-D640-4F00-BE1B-F3626379E869}.Debug|Any CPU.Build.0 = Debug|Any CPU
		{A76869B7-D640-4F00-BE1B-F3626379E869}.Release|Any CPU.ActiveCfg = Release|Any CPU
		{A76869B7-D640-4F00-BE1B-F3626379E869}.Release|Any CPU.Build.0 = Release|Any CPU
		{33EDC80B-2A9E-4EB7-82FD-932FD47ACBC2}.Debug|Any CPU.ActiveCfg = Debug|Any CPU
		{33EDC80B-2A9E-4EB7-82FD-932FD47ACBC2}.Debug|Any CPU.Build.0 = Debug|Any CPU
		{33EDC80B-2A9E-4EB7-82FD-932FD47ACBC2}.Release|Any CPU.ActiveCfg = Release|Any CPU
		{33EDC80B-2A9E-4EB7-82FD-932FD47ACBC2}.Release|Any CPU.Build.0 = Release|Any CPU
		{C01B1824-96B1-4CE6-B71B-DAAD9680175A}.Debug|Any CPU.ActiveCfg = Debug|Any CPU
		{C01B1824-96B1-4CE6-B71B-DAAD9680175A}.Debug|Any CPU.Build.0 = Debug|Any CPU
		{C01B1824-96B1-4CE6-B71B-DAAD9680175A}.Release|Any CPU.ActiveCfg = Release|Any CPU
		{C01B1824-96B1-4CE6-B71B-DAAD9680175A}.Release|Any CPU.Build.0 = Release|Any CPU
	EndGlobalSection
	GlobalSection(SolutionProperties) = preSolution
		HideSolutionNode = FALSE
	EndGlobalSection
	GlobalSection(ExtensibilityGlobals) = postSolution
		SolutionGuid = {8CE25677-9352-467A-85BB-998F2A8D48A3}
	EndGlobalSection
EndGlobal
